
Microsoft Visual Studio Solution File, Format Version 12.00
# Visual Studio 15
VisualStudioVersion = 15.0.28306.52
MinimumVisualStudioVersion = 10.0.40219.1
Project("{FAE04EC0-301F-11D3-BF4B-00C04F79EFBC}") = "PerfectMatch", "PerfectMatch\PerfectMatch.csproj", "{7C831954-F73D-406D-819A-B0C354EBC14A}"
EndProject
Global
	GlobalSection(SolutionConfigurationPlatforms) = preSolution
		Debug|Any CPU = Debug|Any CPU
		Release|Any CPU = Release|Any CPU
	EndGlobalSection
	GlobalSection(ProjectConfigurationPlatforms) = postSolution
		{7C831954-F73D-406D-819A-B0C354EBC14A}.Debug|Any CPU.ActiveCfg = Debug|Any CPU
		{7C831954-F73D-406D-819A-B0C354EBC14A}.Debug|Any CPU.Build.0 = Debug|Any CPU
		{7C831954-F73D-406D-819A-B0C354EBC14A}.Release|Any CPU.ActiveCfg = Release|Any CPU
		{7C831954-F73D-406D-819A-B0C354EBC14A}.Release|Any CPU.Build.0 = Release|Any CPU
	EndGlobalSection
	GlobalSection(SolutionProperties) = preSolution
		HideSolutionNode = FALSE
	EndGlobalSection
	GlobalSection(ExtensibilityGlobals) = postSolution
		SolutionGuid = {C31971DE-F949-4EFC-8A0A-75F8E0C210E1}
	EndGlobalSection
EndGlobal
